<?xml version="1.0" encoding="utf-8"?>
<Project ToolsVersion="4.0" xmlns="http://schemas.microsoft.com/developer/msbuild/2003">
  <ItemGroup>
    <ClCompile Include="src\engine\Engine.cpp">
      <Filter>src\engine</Filter>
    </ClCompile>
    <ClCompile Include="src\engine\Input.cpp">
      <Filter>src\engine</Filter>
    </ClCompile>
    <ClCompile Include="src\engine\Renderer.cpp">
      <Filter>src\engine</Filter>
    </ClCompile>
    <ClCompile Include="..\glad\src\glad.c" />
    <ClCompile Include="src\engine\Camera.cpp">
      <Filter>src\engine</Filter>
    </ClCompile>
    <ClCompile Include="src\main.cpp">
      <Filter>src</Filter>
    </ClCompile>
    <ClCompile Include="src\game\Player.cpp">
      <Filter>src\game</Filter>
    </ClCompile>
    <ClCompile Include="..\imgui-1.92.5\imgui.cpp" />
    <ClCompile Include="..\imgui-1.92.5\imgui_draw.cpp" />
    <ClCompile Include="..\imgui-1.92.5\imgui_widgets.cpp" />
    <ClCompile Include="..\imgui-1.92.5\backends\imgui_impl_opengl3.cpp" />
    <ClCompile Include="..\imgui-1.92.5\backends\imgui_impl_sdl3.cpp" />
    <ClCompile Include="..\imgui-1.92.5\imgui_tables.cpp" />
    <ClCompile Include="src\engine\Editor.cpp">
      <Filter>src\engine</Filter>
    </ClCompile>
    <ClCompile Include="src\game\GameWorld.cpp">
      <Filter>src\game</Filter>
    </ClCompile>
    <ClCompile Include="src\game\ShadowCaster.cpp">
      <Filter>src\game</Filter>
    </ClCompile>
    <ClCompile Include="src\game\Asteroid.cpp">
      <Filter>src\game</Filter>
    </ClCompile>
  </ItemGroup>
  <ItemGroup>
    <Filter Include="src">
      <UniqueIdentifier>{359d1223-a34f-4558-a3be-d21ffb818b16}</UniqueIdentifier>
    </Filter>
    <Filter Include="src\engine">
      <UniqueIdentifier>{a899cd99-158e-4785-8d9c-bdb0fd62959a}</UniqueIdentifier>
    </Filter>
    <Filter Include="src\game">
      <UniqueIdentifier>{d65c3a1a-b5bf-436d-8591-3065e0108688}</UniqueIdentifier>
    </Filter>
  </ItemGroup>
  <ItemGroup>
    <ClInclude Include="src\engine\Engine.h">
      <Filter>src\engine</Filter>
    </ClInclude>
    <ClInclude Include="src\engine\Input.h">
      <Filter>src\engine</Filter>
    </ClInclude>
    <ClInclude Include="src\engine\Renderer.h">
      <Filter>src\engine</Filter>
    </ClInclude>
    <ClInclude Include="src\engine\Camera.h">
      <Filter>src\engine</Filter>
    </ClInclude>
    <ClInclude Include="src\game\Player.h">
      <Filter>src\game</Filter>
    </ClInclude>
    <ClInclude Include="src\engine\Editor.h">
      <Filter>src\engine</Filter>
    </ClInclude>
    <ClInclude Include="src\engine\Entity.h">
      <Filter>src\engine</Filter>
    </ClInclude>
    <ClInclude Include="src\engine\World.h">
      <Filter>src\engine</Filter>
    </ClInclude>
    <ClInclude Include="src\game\GameWorld.h">
      <Filter>src\game</Filter>
    </ClInclude>
    <ClInclude Include="src\game\Asteroid.h">
      <Filter>src\game</Filter>
    </ClInclude>
    <ClInclude Include="src\game\ShadowCaster.h">
      <Filter>src\game</Filter>
    </ClInclude>
    <ClInclude Include="src\game\Sprite.h">
      <Filter>src\game</Filter>
    </ClInclude>
  </ItemGroup>
</Project>